PODS:
  - AFNetworking (3.1.0):
    - AFNetworking/NSURLSession (= 3.1.0)
    - AFNetworking/Reachability (= 3.1.0)
    - AFNetworking/Security (= 3.1.0)
    - AFNetworking/Serialization (= 3.1.0)
    - AFNetworking/UIKit (= 3.1.0)
  - AFNetworking/NSURLSession (3.1.0):
    - AFNetworking/Reachability
    - AFNetworking/Security
    - AFNetworking/Serialization
  - AFNetworking/Reachability (3.1.0)
  - AFNetworking/Security (3.1.0)
  - AFNetworking/Serialization (3.1.0)
  - AFNetworking/UIKit (3.1.0):
    - AFNetworking/NSURLSession
  - Alamofire (4.6.0)
  - CryptoSwift (0.7.0)
  - Mockingjay (2.0.1):
    - Mockingjay/Core (= 2.0.1)
    - Mockingjay/XCTest (= 2.0.1)
  - Mockingjay/Core (2.0.1):
    - URITemplate (~> 2.0)
  - Mockingjay/XCTest (2.0.1):
    - Mockingjay/Core
  - SVProgressHUD (2.2.2)
  - URITemplate (2.0.3)

DEPENDENCIES:
  - AFNetworking
  - Alamofire (~> 4.2)
  - CryptoSwift (= 0.7.0)
  - Mockingjay
  - SVProgressHUD

SPEC REPOS:
  https://github.com/cocoapods/specs.git:
    - AFNetworking
    - Alamofire
    - CryptoSwift
    - Mockingjay
    - SVProgressHUD
    - URITemplate

SPEC CHECKSUMS:
  AFNetworking: 5e0e199f73d8626b11e79750991f5d173d1f8b67
  Alamofire: f41a599bd63041760b26d393ec1069d9d7b917f4
  CryptoSwift: e197577cc40d551110480a64c73f31dbff1d8e74
  Mockingjay: 11a621880d2887f1775bdcf824341eb68f218450
  SVProgressHUD: 59b2d3dabacbd051576d21d32293ca7228dc18b0
  URITemplate: ace0c4c46dcf8afe6e89b4060621852886b15c3b

PODFILE CHECKSUM: c8f010464ff5982ac1d625fbe64ef532b58b96f8

COCOAPODS: 1.5.3
